
Microsoft Visual Studio Solution File, Format Version 12.00
# Visual Studio 15
VisualStudioVersion = 15.0.26403.7
MinimumVisualStudioVersion = 10.0.40219.1
Project("{FAE04EC0-301F-11D3-BF4B-00C04F79EFBC}") = "TaskLibrary", "WcfServiceLibrary1\TaskLibrary.csproj", "{4E7A38E5-267A-446A-9B96-54980026E916}"
EndProject
Project("{FAE04EC0-301F-11D3-BF4B-00C04F79EFBC}") = "HostServer", "ConsoleApp1\HostServer.csproj", "{BF8173C1-A42F-4C9C-A010-D35CCB6B2F92}"
	ProjectSection(ProjectDependencies) = postProject
		{4E7A38E5-267A-446A-9B96-54980026E916} = {4E7A38E5-267A-446A-9B96-54980026E916}
	EndProjectSection
EndProject
Project("{FAE04EC0-301F-11D3-BF4B-00C04F79EFBC}") = "Client", "Client\Client.csproj", "{124C8023-C1BD-49CB-A520-F896C338706E}"
	ProjectSection(ProjectDependencies) = postProject
		{4E7A38E5-267A-446A-9B96-54980026E916} = {4E7A38E5-267A-446A-9B96-54980026E916}
	EndProjectSection
EndProject
Global
	GlobalSection(SolutionConfigurationPlatforms) = preSolution
		Debug|Any CPU = Debug|Any CPU
		Release|Any CPU = Release|Any CPU
	EndGlobalSection
	GlobalSection(ProjectConfigurationPlatforms) = postSolution
		{4E7A38E5-267A-446A-9B96-54980026E916}.Debug|Any CPU.ActiveCfg = Debug|Any CPU
		{4E7A38E5-267A-446A-9B96-54980026E916}.Debug|Any CPU.Build.0 = Debug|Any CPU
		{4E7A38E5-267A-446A-9B96-54980026E916}.Release|Any CPU.ActiveCfg = Release|Any CPU
		{4E7A38E5-267A-446A-9B96-54980026E916}.Release|Any CPU.Build.0 = Release|Any CPU
		{BF8173C1-A42F-4C9C-A010-D35CCB6B2F92}.Debug|Any CPU.ActiveCfg = Debug|Any CPU
		{BF8173C1-A42F-4C9C-A010-D35CCB6B2F92}.Debug|Any CPU.Build.0 = Debug|Any CPU
		{BF8173C1-A42F-4C9C-A010-D35CCB6B2F92}.Release|Any CPU.ActiveCfg = Release|Any CPU
		{BF8173C1-A42F-4C9C-A010-D35CCB6B2F92}.Release|Any CPU.Build.0 = Release|Any CPU
		{124C8023-C1BD-49CB-A520-F896C338706E}.Debug|Any CPU.ActiveCfg = Debug|Any CPU
		{124C8023-C1BD-49CB-A520-F896C338706E}.Debug|Any CPU.Build.0 = Debug|Any CPU
		{124C8023-C1BD-49CB-A520-F896C338706E}.Release|Any CPU.ActiveCfg = Release|Any CPU
		{124C8023-C1BD-49CB-A520-F896C338706E}.Release|Any CPU.Build.0 = Release|Any CPU
	EndGlobalSection
	GlobalSection(SolutionProperties) = preSolution
		HideSolutionNode = FALSE
	EndGlobalSection
EndGlobal
